
Microsoft Visual Studio Solution File, Format Version 12.00
# Visual Studio Version 17
VisualStudioVersion = 17.0.32014.148
MinimumVisualStudioVersion = 10.0.40219.1
Project("{FAE04EC0-301F-11D3-BF4B-00C04F79EFBC}") = "ATM", "ATM.csproj", "{F81C33E8-CABF-4904-A0EE-EB5DD4781F98}"
EndProject
Global
	GlobalSection(SolutionConfigurationPlatforms) = preSolution
		Debug|Any CPU = Debug|Any CPU
		Release|Any CPU = Release|Any CPU
	EndGlobalSection
	GlobalSection(ProjectConfigurationPlatforms) = postSolution
		{F81C33E8-CABF-4904-A0EE-EB5DD4781F98}.Debug|Any CPU.ActiveCfg = Debug|Any CPU
		{F81C33E8-CABF-4904-A0EE-EB5DD4781F98}.Debug|Any CPU.Build.0 = Debug|Any CPU
		{F81C33E8-CABF-4904-A0EE-EB5DD4781F98}.Release|Any CPU.ActiveCfg = Release|Any CPU
		{F81C33E8-CABF-4904-A0EE-EB5DD4781F98}.Release|Any CPU.Build.0 = Release|Any CPU
	EndGlobalSection
	GlobalSection(SolutionProperties) = preSolution
		HideSolutionNode = FALSE
	EndGlobalSection
	GlobalSection(ExtensibilityGlobals) = postSolution
		SolutionGuid = {D4563B38-845A-49B8-8187-DE5AE4D1F260}
	EndGlobalSection
EndGlobal
